<?xml version="1.0" encoding="utf-8"?>
<Project ToolsVersion="4.0" xmlns="http://schemas.microsoft.com/developer/msbuild/2003">
  <ItemGroup>
    <Filter Include="Pliki źródłowe">
      <UniqueIdentifier>{4FC737F1-C7A5-4376-A066-2A32D752A2FF}</UniqueIdentifier>
      <Extensions>cpp;c;cc;cxx;c++;cppm;ixx;def;odl;idl;hpj;bat;asm;asmx</Extensions>
    </Filter>
    <Filter Include="Pliki nagłówkowe">
      <UniqueIdentifier>{93995380-89BD-4b04-88EB-625FBE52EBFB}</UniqueIdentifier>
      <Extensions>h;hh;hpp;hxx;h++;hm;inl;inc;ipp;xsd</Extensions>
    </Filter>
    <Filter Include="Pliki zasobów">
      <UniqueIdentifier>{67DA6AB6-F800-4c08-8B7A-83BB121AAD01}</UniqueIdentifier>
      <Extensions>rc;ico;cur;bmp;dlg;rc2;rct;bin;rgs;gif;jpg;jpeg;jpe;resx;tiff;tif;png;wav;mfcribbon-ms</Extensions>
    </Filter>
    <Filter Include="Pliki źródłowe\Windows">
      <UniqueIdentifier>{287aecce-0169-4b5f-90b8-d4bfd617cd39}</UniqueIdentifier>
    </Filter>
    <Filter Include="Pliki nagłówkowe\Windows">
      <UniqueIdentifier>{51494dce-e97e-432c-bf72-0d412749b2ba}</UniqueIdentifier>
    </Filter>
    <Filter Include="Pliki nagłówkowe\UI">
      <UniqueIdentifier>{15153da5-dab9-4c3a-a9ee-d1ecec125a93}</UniqueIdentifier>
    </Filter>
    <Filter Include="Pliki źródłowe\UI">
      <UniqueIdentifier>{07fe2f38-07c7-4f41-ae20-5232a6c7bb54}</UniqueIdentifier>
    </Filter>
    <Filter Include="Pliki źródłowe\Singletons">
      <UniqueIdentifier>{89e78ed9-4110-4ac3-9a7c-dd934a6278b1}</UniqueIdentifier>
    </Filter>
    <Filter Include="Pliki nagłówkowe\Singletons">
      <UniqueIdentifier>{874413f4-130f-4ec2-8a4b-49259ea5bdbe}</UniqueIdentifier>
    </Filter>
  </ItemGroup>
  <ItemGroup>
    <ClCompile Include="WithdrawWindow.cpp">
      <Filter>Pliki źródłowe\Windows</Filter>
    </ClCompile>
    <ClCompile Include="Account.cpp">
      <Filter>Pliki źródłowe</Filter>
    </ClCompile>
    <ClCompile Include="main.cpp">
      <Filter>Pliki źródłowe</Filter>
    </ClCompile>
    <ClCompile Include="PiggyBank.cpp">
      <Filter>Pliki źródłowe</Filter>
    </ClCompile>
    <ClCompile Include="WindowAbstract.cpp">
      <Filter>Pliki źródłowe\Windows</Filter>
    </ClCompile>
    <ClCompile Include="OperationWindow.cpp">
      <Filter>Pliki źródłowe\Windows</Filter>
    </ClCompile>
    <ClCompile Include="LoginWindow.cpp">
      <Filter>Pliki źródłowe\Windows</Filter>
    </ClCompile>
    <ClCompile Include="DepositWindow.cpp">
      <Filter>Pliki źródłowe\Windows</Filter>
    </ClCompile>
    <ClCompile Include="InputBox.cpp">
      <Filter>Pliki źródłowe\UI</Filter>
    </ClCompile>
    <ClCompile Include="Button.cpp">
      <Filter>Pliki źródłowe\UI</Filter>
    </ClCompile>
    <ClCompile Include="AccountService.cpp">
      <Filter>Pliki źródłowe\Singletons</Filter>
    </ClCompile>
    <ClCompile Include="AppSettings.cpp">
      <Filter>Pliki źródłowe\Singletons</Filter>
    </ClCompile>
    <ClCompile Include="Cashmachine.cpp">
      <Filter>Pliki źródłowe\Singletons</Filter>
    </ClCompile>
    <ClCompile Include="GlobalVariables.cpp">
      <Filter>Pliki źródłowe\Singletons</Filter>
    </ClCompile>
  </ItemGroup>
  <ItemGroup>
    <ClInclude Include="WithdrawWindow.h">
      <Filter>Pliki nagłówkowe\Windows</Filter>
    </ClInclude>
    <ClInclude Include="Account.h">
      <Filter>Pliki nagłówkowe</Filter>
    </ClInclude>
    <ClInclude Include="PiggyBank.h">
      <Filter>Pliki nagłówkowe</Filter>
    </ClInclude>
    <ClInclude Include="WindowAbstract.h">
      <Filter>Pliki nagłówkowe\Windows</Filter>
    </ClInclude>
    <ClInclude Include="OperationWindow.h">
      <Filter>Pliki nagłówkowe\Windows</Filter>
    </ClInclude>
    <ClInclude Include="LoginWindow.h">
      <Filter>Pliki nagłówkowe\Windows</Filter>
    </ClInclude>
    <ClInclude Include="DepositWindow.h">
      <Filter>Pliki nagłówkowe\Windows</Filter>
    </ClInclude>
    <ClInclude Include="Button.h">
      <Filter>Pliki nagłówkowe\UI</Filter>
    </ClInclude>
    <ClInclude Include="InputBox.h">
      <Filter>Pliki nagłówkowe\UI</Filter>
    </ClInclude>
    <ClInclude Include="AccountService.h">
      <Filter>Pliki nagłówkowe\Singletons</Filter>
    </ClInclude>
    <ClInclude Include="Cashmachine.h">
      <Filter>Pliki nagłówkowe\Singletons</Filter>
    </ClInclude>
    <ClInclude Include="AppSettings.h">
      <Filter>Pliki nagłówkowe\Singletons</Filter>
    </ClInclude>
    <ClInclude Include="GlobalVariables.h">
      <Filter>Pliki nagłówkowe\Singletons</Filter>
    </ClInclude>
  </ItemGroup>
  <ItemGroup>
    <Text Include="assets\accounts.txt">
      <Filter>Pliki zasobów</Filter>
    </Text>
    <Text Include="assets\nominals.txt">
      <Filter>Pliki zasobów</Filter>
    </Text>
  </ItemGroup>
  <ItemGroup>
    <Image Include="assets\operationBg.png">
      <Filter>Pliki zasobów</Filter>
    </Image>
    <Image Include="assets\signUpBg.png">
      <Filter>Pliki zasobów</Filter>
    </Image>
  </ItemGroup>
  <ItemGroup>
    <Font Include="assets\Roboto.ttf">
      <Filter>Pliki zasobów</Filter>
    </Font>
  </ItemGroup>
</Project>